
Microsoft Visual Studio Solution File, Format Version 12.00
Project("{FAE04EC0-301F-11D3-BF4B-00C04F79EFBC}") = "student_mini_project", "student_mini_project\student_mini_project.csproj", "{C97C5F2F-B7E0-49EC-84BC-C789A469F0F5}"
EndProject
Global
	GlobalSection(SolutionConfigurationPlatforms) = preSolution
		Debug|Any CPU = Debug|Any CPU
		Release|Any CPU = Release|Any CPU
	EndGlobalSection
	GlobalSection(ProjectConfigurationPlatforms) = postSolution
		{C97C5F2F-B7E0-49EC-84BC-C789A469F0F5}.Debug|Any CPU.ActiveCfg = Debug|Any CPU
		{C97C5F2F-B7E0-49EC-84BC-C789A469F0F5}.Debug|Any CPU.Build.0 = Debug|Any CPU
		{C97C5F2F-B7E0-49EC-84BC-C789A469F0F5}.Release|Any CPU.ActiveCfg = Release|Any CPU
		{C97C5F2F-B7E0-49EC-84BC-C789A469F0F5}.Release|Any CPU.Build.0 = Release|Any CPU
	EndGlobalSection
EndGlobal
